
Microsoft Visual Studio Solution File, Format Version 12.00
# Visual Studio Version 16
VisualStudioVersion = 16.0.31727.386
MinimumVisualStudioVersion = 10.0.40219.1
Project("{FAE04EC0-301F-11D3-BF4B-00C04F79EFBC}") = "EPFArchive.VM", "EPFArchive.UI\EPFArchive.VM.csproj", "{04B5DDF4-509C-4E32-9AA2-B8A8E143E7E6}"
EndProject
Project("{FAE04EC0-301F-11D3-BF4B-00C04F79EFBC}") = "EPFArchive.UI.WinForms", "EPFArchive.UI.WinForms\EPFArchive.UI.WinForms.csproj", "{96699164-F716-47F6-9436-7961E80530C7}"
EndProject
Project("{FAE04EC0-301F-11D3-BF4B-00C04F79EFBC}") = "EPFArchiveTests", "EPFArchiveTests\EPFArchiveTests.csproj", "{8275073F-BBCE-440C-B214-65DD10FF94D4}"
EndProject
Project("{FAE04EC0-301F-11D3-BF4B-00C04F79EFBC}") = "EPFArchive.UI.WPF", "EPFArchive.UI.WPF\EPFArchive.UI.WPF.csproj", "{BF4D9B2D-2A66-425D-AB94-6C26F2C1A93C}"
EndProject
Project("{9A19103F-16F7-4668-BE54-9A1E7A4F7556}") = "EPFArchive", "EPFArchive\EPFArchive.csproj", "{F2C9211C-2971-4236-924D-3361DBD6440A}"
EndProject
Global
	GlobalSection(SolutionConfigurationPlatforms) = preSolution
		Debug|Any CPU = Debug|Any CPU
		Debug|Mixed Platforms = Debug|Mixed Platforms
		Debug|Win32 = Debug|Win32
		Debug|x86 = Debug|x86
		Release|Any CPU = Release|Any CPU
		Release|Mixed Platforms = Release|Mixed Platforms
		Release|Win32 = Release|Win32
		Release|x86 = Release|x86
	EndGlobalSection
	GlobalSection(ProjectConfigurationPlatforms) = postSolution
		{04B5DDF4-509C-4E32-9AA2-B8A8E143E7E6}.Debug|Any CPU.ActiveCfg = Debug|Any CPU
		{04B5DDF4-509C-4E32-9AA2-B8A8E143E7E6}.Debug|Any CPU.Build.0 = Debug|Any CPU
		{04B5DDF4-509C-4E32-9AA2-B8A8E143E7E6}.Debug|Mixed Platforms.ActiveCfg = Debug|Any CPU
		{04B5DDF4-509C-4E32-9AA2-B8A8E143E7E6}.Debug|Mixed Platforms.Build.0 = Debug|Any CPU
		{04B5DDF4-509C-4E32-9AA2-B8A8E143E7E6}.Debug|Win32.ActiveCfg = Debug|Any CPU
		{04B5DDF4-509C-4E32-9AA2-B8A8E143E7E6}.Debug|Win32.Build.0 = Debug|Any CPU
		{04B5DDF4-509C-4E32-9AA2-B8A8E143E7E6}.Debug|x86.ActiveCfg = Debug|Any CPU
		{04B5DDF4-509C-4E32-9AA2-B8A8E143E7E6}.Debug|x86.Build.0 = Debug|Any CPU
		{04B5DDF4-509C-4E32-9AA2-B8A8E143E7E6}.Release|Any CPU.ActiveCfg = Release|Any CPU
		{04B5DDF4-509C-4E32-9AA2-B8A8E143E7E6}.Release|Any CPU.Build.0 = Release|Any CPU
		{04B5DDF4-509C-4E32-9AA2-B8A8E143E7E6}.Release|Mixed Platforms.ActiveCfg = Release|Any CPU
		{04B5DDF4-509C-4E32-9AA2-B8A8E143E7E6}.Release|Mixed Platforms.Build.0 = Release|Any CPU
		{04B5DDF4-509C-4E32-9AA2-B8A8E143E7E6}.Release|Win32.ActiveCfg = Release|Any CPU
		{04B5DDF4-509C-4E32-9AA2-B8A8E143E7E6}.Release|Win32.Build.0 = Release|Any CPU
		{04B5DDF4-509C-4E32-9AA2-B8A8E143E7E6}.Release|x86.ActiveCfg = Release|Any CPU
		{04B5DDF4-509C-4E32-9AA2-B8A8E143E7E6}.Release|x86.Build.0 = Release|Any CPU
		{96699164-F716-47F6-9436-7961E80530C7}.Debug|Any CPU.ActiveCfg = Debug|Any CPU
		{96699164-F716-47F6-9436-7961E80530C7}.Debug|Any CPU.Build.0 = Debug|Any CPU
		{96699164-F716-47F6-9436-7961E80530C7}.Debug|Mixed Platforms.ActiveCfg = Debug|Any CPU
		{96699164-F716-47F6-9436-7961E80530C7}.Debug|Mixed Platforms.Build.0 = Debug|Any CPU
		{96699164-F716-47F6-9436-7961E80530C7}.Debug|Win32.ActiveCfg = Debug|Any CPU
		{96699164-F716-47F6-9436-7961E80530C7}.Debug|Win32.Build.0 = Debug|Any CPU
		{96699164-F716-47F6-9436-7961E80530C7}.Debug|x86.ActiveCfg = Debug|Any CPU
		{96699164-F716-47F6-9436-7961E80530C7}.Debug|x86.Build.0 = Debug|Any CPU
		{96699164-F716-47F6-9436-7961E80530C7}.Release|Any CPU.ActiveCfg = Release|Any CPU
		{96699164-F716-47F6-9436-7961E80530C7}.Release|Any CPU.Build.0 = Release|Any CPU
		{96699164-F716-47F6-9436-7961E80530C7}.Release|Mixed Platforms.ActiveCfg = Release|Any CPU
		{96699164-F716-47F6-9436-7961E80530C7}.Release|Mixed Platforms.Build.0 = Release|Any CPU
		{96699164-F716-47F6-9436-7961E80530C7}.Release|Win32.ActiveCfg = Release|Any CPU
		{96699164-F716-47F6-9436-7961E80530C7}.Release|Win32.Build.0 = Release|Any CPU
		{96699164-F716-47F6-9436-7961E80530C7}.Release|x86.ActiveCfg = Release|Any CPU
		{96699164-F716-47F6-9436-7961E80530C7}.Release|x86.Build.0 = Release|Any CPU
		{8275073F-BBCE-440C-B214-65DD10FF94D4}.Debug|Any CPU.ActiveCfg = Debug|Any CPU
		{8275073F-BBCE-440C-B214-65DD10FF94D4}.Debug|Any CPU.Build.0 = Debug|Any CPU
		{8275073F-BBCE-440C-B214-65DD10FF94D4}.Debug|Mixed Platforms.ActiveCfg = Debug|Any CPU
		{8275073F-BBCE-440C-B214-65DD10FF94D4}.Debug|Mixed Platforms.Build.0 = Debug|Any CPU
		{8275073F-BBCE-440C-B214-65DD10FF94D4}.Debug|Win32.ActiveCfg = Debug|Any CPU
		{8275073F-BBCE-440C-B214-65DD10FF94D4}.Debug|Win32.Build.0 = Debug|Any CPU
		{8275073F-BBCE-440C-B214-65DD10FF94D4}.Debug|x86.ActiveCfg = Debug|Any CPU
		{8275073F-BBCE-440C-B214-65DD10FF94D4}.Debug|x86.Build.0 = Debug|Any CPU
		{8275073F-BBCE-440C-B214-65DD10FF94D4}.Release|Any CPU.ActiveCfg = Release|Any CPU
		{8275073F-BBCE-440C-B214-65DD10FF94D4}.Release|Any CPU.Build.0 = Release|Any CPU
		{8275073F-BBCE-440C-B214-65DD10FF94D4}.Release|Mixed Platforms.ActiveCfg = Release|Any CPU
		{8275073F-BBCE-440C-B214-65DD10FF94D4}.Release|Mixed Platforms.Build.0 = Release|Any CPU
		{8275073F-BBCE-440C-B214-65DD10FF94D4}.Release|Win32.ActiveCfg = Release|Any CPU
		{8275073F-BBCE-440C-B214-65DD10FF94D4}.Release|Win32.Build.0 = Release|Any CPU
		{8275073F-BBCE-440C-B214-65DD10FF94D4}.Release|x86.ActiveCfg = Release|Any CPU
		{8275073F-BBCE-440C-B214-65DD10FF94D4}.Release|x86.Build.0 = Release|Any CPU
		{BF4D9B2D-2A66-425D-AB94-6C26F2C1A93C}.Debug|Any CPU.ActiveCfg = Debug|Any CPU
		{BF4D9B2D-2A66-425D-AB94-6C26F2C1A93C}.Debug|Any CPU.Build.0 = Debug|Any CPU
		{BF4D9B2D-2A66-425D-AB94-6C26F2C1A93C}.Debug|Mixed Platforms.ActiveCfg = Debug|Any CPU
		{BF4D9B2D-2A66-425D-AB94-6C26F2C1A93C}.Debug|Mixed Platforms.Build.0 = Debug|Any CPU
		{BF4D9B2D-2A66-425D-AB94-6C26F2C1A93C}.Debug|Win32.ActiveCfg = Debug|Any CPU
		{BF4D9B2D-2A66-425D-AB94-6C26F2C1A93C}.Debug|Win32.Build.0 = Debug|Any CPU
		{BF4D9B2D-2A66-425D-AB94-6C26F2C1A93C}.Debug|x86.ActiveCfg = Debug|Any CPU
		{BF4D9B2D-2A66-425D-AB94-6C26F2C1A93C}.Debug|x86.Build.0 = Debug|Any CPU
		{BF4D9B2D-2A66-425D-AB94-6C26F2C1A93C}.Release|Any CPU.ActiveCfg = Release|Any CPU
		{BF4D9B2D-2A66-425D-AB94-6C26F2C1A93C}.Release|Any CPU.Build.0 = Release|Any CPU
		{BF4D9B2D-2A66-425D-AB94-6C26F2C1A93C}.Release|Mixed Platforms.ActiveCfg = Release|Any CPU
		{BF4D9B2D-2A66-425D-AB94-6C26F2C1A93C}.Release|Mixed Platforms.Build.0 = Release|Any CPU
		{BF4D9B2D-2A66-425D-AB94-6C26F2C1A93C}.Release|Win32.ActiveCfg = Release|Any CPU
		{BF4D9B2D-2A66-425D-AB94-6C26F2C1A93C}.Release|Win32.Build.0 = Release|Any CPU
		{BF4D9B2D-2A66-425D-AB94-6C26F2C1A93C}.Release|x86.ActiveCfg = Release|Any CPU
		{BF4D9B2D-2A66-425D-AB94-6C26F2C1A93C}.Release|x86.Build.0 = Release|Any CPU
		{F2C9211C-2971-4236-924D-3361DBD6440A}.Debug|Any CPU.ActiveCfg = Debug|Any CPU
		{F2C9211C-2971-4236-924D-3361DBD6440A}.Debug|Any CPU.Build.0 = Debug|Any CPU
		{F2C9211C-2971-4236-924D-3361DBD6440A}.Debug|Mixed Platforms.ActiveCfg = Debug|Any CPU
		{F2C9211C-2971-4236-924D-3361DBD6440A}.Debug|Mixed Platforms.Build.0 = Debug|Any CPU
		{F2C9211C-2971-4236-924D-3361DBD6440A}.Debug|Win32.ActiveCfg = Debug|Any CPU
		{F2C9211C-2971-4236-924D-3361DBD6440A}.Debug|Win32.Build.0 = Debug|Any CPU
		{F2C9211C-2971-4236-924D-3361DBD6440A}.Debug|x86.ActiveCfg = Debug|Any CPU
		{F2C9211C-2971-4236-924D-3361DBD6440A}.Debug|x86.Build.0 = Debug|Any CPU
		{F2C9211C-2971-4236-924D-3361DBD6440A}.Release|Any CPU.ActiveCfg = Release|Any CPU
		{F2C9211C-2971-4236-924D-3361DBD6440A}.Release|Any CPU.Build.0 = Release|Any CPU
		{F2C9211C-2971-4236-924D-3361DBD6440A}.Release|Mixed Platforms.ActiveCfg = Release|Any CPU
		{F2C9211C-2971-4236-924D-3361DBD6440A}.Release|Mixed Platforms.Build.0 = Release|Any CPU
		{F2C9211C-2971-4236-924D-3361DBD6440A}.Release|Win32.ActiveCfg = Release|Any CPU
		{F2C9211C-2971-4236-924D-3361DBD6440A}.Release|Win32.Build.0 = Release|Any CPU
		{F2C9211C-2971-4236-924D-3361DBD6440A}.Release|x86.ActiveCfg = Release|Any CPU
		{F2C9211C-2971-4236-924D-3361DBD6440A}.Release|x86.Build.0 = Release|Any CPU
	EndGlobalSection
	GlobalSection(SolutionProperties) = preSolution
		HideSolutionNode = FALSE
	EndGlobalSection
	GlobalSection(ExtensibilityGlobals) = postSolution
		SolutionGuid = {99AE50C7-9F55-45D9-A661-DD9DC7E049CE}
	EndGlobalSection
EndGlobal
